// !$*UTF8*$!
{
	archiveVersion = 1;
	classes = {
	};
	objectVersion = 46;
	objects = {

/* Begin PBXBuildFile section */
		3A2A0786188F03EB00ACBE9E /* Foundation.framework in Frameworks */ = {isa = PBXBuildFile; fileRef = 3A2A0785188F03EB00ACBE9E /* Foundation.framework */; };
		3A2A0788188F03EB00ACBE9E /* CoreGraphics.framework in Frameworks */ = {isa = PBXBuildFile; fileRef = 3A2A0787188F03EB00ACBE9E /* CoreGraphics.framework */; };
		3A2A078A188F03EB00ACBE9E /* UIKit.framework in Frameworks */ = {isa = PBXBuildFile; fileRef = 3A2A0789188F03EB00ACBE9E /* UIKit.framework */; };
		3A2A0790188F03EB00ACBE9E /* InfoPlist.strings in Resources */ = {isa = PBXBuildFile; fileRef = 3A2A078E188F03EB00ACBE9E /* InfoPlist.strings */; };
		3A2A0792188F03EB00ACBE9E /* main.m in Sources */ = {isa = PBXBuildFile; fileRef = 3A2A0791188F03EB00ACBE9E /* main.m */; };
		3A2A0796188F03EB00ACBE9E /* AppDelegate.m in Sources */ = {isa = PBXBuildFile; fileRef = 3A2A0795188F03EB00ACBE9E /* AppDelegate.m */; };
		3A2A0799188F03EB00ACBE9E /* Main.storyboard in Resources */ = {isa = PBXBuildFile; fileRef = 3A2A0797188F03EB00ACBE9E /* Main.storyboard */; };
		3A2A079C188F03EB00ACBE9E /* ViewController.m in Sources */ = {isa = PBXBuildFile; fileRef = 3A2A079B188F03EB00ACBE9E /* ViewController.m */; };
		3A2A079E188F03EB00ACBE9E /* Images.xcassets in Resources */ = {isa = PBXBuildFile; fileRef = 3A2A079D188F03EB00ACBE9E /* Images.xcassets */; };
		3A2A07A5188F03EB00ACBE9E /* XCTest.framework in Frameworks */ = {isa = PBXBuildFile; fileRef = 3A2A07A4188F03EB00ACBE9E /* XCTest.framework */; };
		3A2A07A6188F03EB00ACBE9E /* Foundation.framework in Frameworks */ = {isa = PBXBuildFile; fileRef = 3A2A0785188F03EB00ACBE9E /* Foundation.framework */; };
		3A2A07A7188F03EB00ACBE9E /* UIKit.framework in Frameworks */ = {isa = PBXBuildFile; fileRef = 3A2A0789188F03EB00ACBE9E /* UIKit.framework */; };
		3A2A07AF188F03EB00ACBE9E /* InfoPlist.strings in Resources */ = {isa = PBXBuildFile; fileRef = 3A2A07AD188F03EB00ACBE9E /* InfoPlist.strings */; };
		3A2A07B1188F03EB00ACBE9E /* GetOnThatBusTests.m in Sources */ = {isa = PBXBuildFile; fileRef = 3A2A07B0188F03EB00ACBE9E /* GetOnThatBusTests.m */; };
/* End PBXBuildFile section */

/* Begin PBXContainerItemProxy section */
		3A2A07A8188F03EB00ACBE9E /* PBXContainerItemProxy */ = {
			isa = PBXContainerItemProxy;
			containerPortal = 3A2A077A188F03EB00ACBE9E /* Project object */;
			proxyType = 1;
			remoteGlobalIDString = 3A2A0781188F03EB00ACBE9E;
			remoteInfo = GetOnThatBus;
		};
/* End PBXContainerItemProxy section */

/* Begin PBXFileReference section */
		3A2A0782188F03EB00ACBE9E /* GetOnThatBus.app */ = {isa = PBXFileReference; explicitFileType = wrapper.application; includeInIndex = 0; path = GetOnThatBus.app; sourceTree = BUILT_PRODUCTS_DIR; };
		3A2A0785188F03EB00ACBE9E /* Foundation.framework */ = {isa = PBXFileReference; lastKnownFileType = wrapper.framework; name = Foundation.framework; path = System/Library/Frameworks/Foundation.framework; sourceTree = SDKROOT; };
		3A2A0787188F03EB00ACBE9E /* CoreGraphics.framework */ = {isa = PBXFileReference; lastKnownFileType = wrapper.framework; name = CoreGraphics.framework; path = System/Library/Frameworks/CoreGraphics.framework; sourceTree = SDKROOT; };
		3A2A0789188F03EB00ACBE9E /* UIKit.framework */ = {isa = PBXFileReference; lastKnownFileType = wrapper.framework; name = UIKit.framework; path = System/Library/Frameworks/UIKit.framework; sourceTree = SDKROOT; };
		3A2A078D188F03EB00ACBE9E /* GetOnThatBus-Info.plist */ = {isa = PBXFileReference; lastKnownFileType = text.plist.xml; path = "GetOnThatBus-Info.plist"; sourceTree = "<group>"; };
		3A2A078F188F03EB00ACBE9E /* en */ = {isa = PBXFileReference; lastKnownFileType = text.plist.strings; name = en; path = en.lproj/InfoPlist.strings; sourceTree = "<group>"; };
		3A2A0791188F03EB00ACBE9E /* main.m */ = {isa = PBXFileReference; lastKnownFileType = sourcecode.c.objc; path = main.m; sourceTree = "<group>"; };
		3A2A0793188F03EB00ACBE9E /* GetOnThatBus-Prefix.pch */ = {isa = PBXFileReference; lastKnownFileType = sourcecode.c.h; path = "GetOnThatBus-Prefix.pch"; sourceTree = "<group>"; };
		3A2A0794188F03EB00ACBE9E /* AppDelegate.h */ = {isa = PBXFileReference; lastKnownFileType = sourcecode.c.h; path = AppDelegate.h; sourceTree = "<group>"; };
		3A2A0795188F03EB00ACBE9E /* AppDelegate.m */ = {isa = PBXFileReference; lastKnownFileType = sourcecode.c.objc; path = AppDelegate.m; sourceTree = "<group>"; };
		3A2A0798188F03EB00ACBE9E /* Base */ = {isa = PBXFileReference; lastKnownFileType = file.storyboard; name = Base; path = Base.lproj/Main.storyboard; sourceTree = "<group>"; };
		3A2A079A188F03EB00ACBE9E /* ViewController.h */ = {isa = PBXFileReference; lastKnownFileType = sourcecode.c.h; path = ViewController.h; sourceTree = "<group>"; };
		3A2A079B188F03EB00ACBE9E /* ViewController.m */ = {isa = PBXFileReference; lastKnownFileType = sourcecode.c.objc; path = ViewController.m; sourceTree = "<group>"; };
		3A2A079D188F03EB00ACBE9E /* Images.xcassets */ = {isa = PBXFileReference; lastKnownFileType = folder.assetcatalog; path = Images.xcassets; sourceTree = "<group>"; };
		3A2A07A3188F03EB00ACBE9E /* GetOnThatBusTests.xctest */ = {isa = PBXFileReference; explicitFileType = wrapper.cfbundle; includeInIndex = 0; path = GetOnThatBusTests.xctest; sourceTree = BUILT_PRODUCTS_DIR; };
		3A2A07A4188F03EB00ACBE9E /* XCTest.framework */ = {isa = PBXFileReference; lastKnownFileType = wrapper.framework; name = XCTest.framework; path = Library/Frameworks/XCTest.framework; sourceTree = DEVELOPER_DIR; };
		3A2A07AC188F03EB00ACBE9E /* GetOnThatBusTests-Info.plist */ = {isa = PBXFileReference; lastKnownFileType = text.plist.xml; path = "GetOnThatBusTests-Info.plist"; sourceTree = "<group>"; };
		3A2A07AE188F03EB00ACBE9E /* en */ = {isa = PBXFileReference; lastKnownFileType = text.plist.strings; name = en; path = en.lproj/InfoPlist.strings; sourceTree = "<group>"; };
		3A2A07B0188F03EB00ACBE9E /* GetOnThatBusTests.m */ = {isa = PBXFileReference; lastKnownFileType = sourcecode.c.objc; path = GetOnThatBusTests.m; sourceTree = "<group>"; };
/* End PBXFileReference section */

/* Begin PBXFrameworksBuildPhase section */
		3A2A077F188F03EB00ACBE9E /* Frameworks */ = {
			isa = PBXFrameworksBuildPhase;
			buildActionMask = 2147483647;
			files = (
				3A2A0788188F03EB00ACBE9E /* CoreGraphics.framework in Frameworks */,
				3A2A078A188F03EB00ACBE9E /* UIKit.framework in Frameworks */,
				3A2A0786188F03EB00ACBE9E /* Foundation.framework in Frameworks */,
			);
			runOnlyForDeploymentPostprocessing = 0;
		};
		3A2A07A0188F03EB00ACBE9E /* Frameworks */ = {
			isa = PBXFrameworksBuildPhase;
			buildActionMask = 2147483647;
			files = (
				3A2A07A5188F03EB00ACBE9E /* XCTest.framework in Frameworks */,
				3A2A07A7188F03EB00ACBE9E /* UIKit.framework in Frameworks */,
				3A2A07A6188F03EB00ACBE9E /* Foundation.framework in Frameworks */,
			);
			runOnlyForDeploymentPostprocessing = 0;
		};
/* End PBXFrameworksBuildPhase section */

/* Begin PBXGroup section */
		3A2A0779188F03EB00ACBE9E = {
			isa = PBXGroup;
			children = (
				3A2A078B188F03EB00ACBE9E /* GetOnThatBus */,
				3A2A07AA188F03EB00ACBE9E /* GetOnThatBusTests */,
				3A2A0784188F03EB00ACBE9E /* Frameworks */,
				3A2A0783188F03EB00ACBE9E /* Products */,
			);
			sourceTree = "<group>";
		};
		3A2A0783188F03EB00ACBE9E /* Products */ = {
			isa = PBXGroup;
			children = (
				3A2A0782188F03EB00ACBE9E /* GetOnThatBus.app */,
				3A2A07A3188F03EB00ACBE9E /* GetOnThatBusTests.xctest */,
			);
			name = Products;
			sourceTree = "<group>";
		};
		3A2A0784188F03EB00ACBE9E /* Frameworks */ = {
			isa = PBXGroup;
			children = (
				3A2A0785188F03EB00ACBE9E /* Foundation.framework */,
				3A2A0787188F03EB00ACBE9E /* CoreGraphics.framework */,
				3A2A0789188F03EB00ACBE9E /* UIKit.framework */,
				3A2A07A4188F03EB00ACBE9E /* XCTest.framework */,
			);
			name = Frameworks;
			sourceTree = "<group>";
		};
		3A2A078B188F03EB00ACBE9E /* GetOnThatBus */ = {
			isa = PBXGroup;
			children = (
				3A2A0794188F03EB00ACBE9E /* AppDelegate.h */,
				3A2A0795188F03EB00ACBE9E /* AppDelegate.m */,
				3A2A0797188F03EB00ACBE9E /* Main.storyboard */,
				3A2A079A188F03EB00ACBE9E /* ViewController.h */,
				3A2A079B188F03EB00ACBE9E /* ViewController.m */,
				3A2A079D188F03EB00ACBE9E /* Images.xcassets */,
				3A2A078C188F03EB00ACBE9E /* Supporting Files */,
			);
			path = GetOnThatBus;
			sourceTree = "<group>";
		};
		3A2A078C188F03EB00ACBE9E /* Supporting Files */ = {
			isa = PBXGroup;
			children = (
				3A2A078D188F03EB00ACBE9E /* GetOnThatBus-Info.plist */,
				3A2A078E188F03EB00ACBE9E /* InfoPlist.strings */,
				3A2A0791188F03EB00ACBE9E /* main.m */,
				3A2A0793188F03EB00ACBE9E /* GetOnThatBus-Prefix.pch */,
			);
			name = "Supporting Files";
			sourceTree = "<group>";
		};
		3A2A07AA188F03EB00ACBE9E /* GetOnThatBusTests */ = {
			isa = PBXGroup;
			children = (
				3A2A07B0188F03EB00ACBE9E /* GetOnThatBusTests.m */,
				3A2A07AB188F03EB00ACBE9E /* Supporting Files */,
			);
			path = GetOnThatBusTests;
			sourceTree = "<group>";
		};
		3A2A07AB188F03EB00ACBE9E /* Supporting Files */ = {
			isa = PBXGroup;
			children = (
				3A2A07AC188F03EB00ACBE9E /* GetOnThatBusTests-Info.plist */,
				3A2A07AD188F03EB00ACBE9E /* InfoPlist.strings */,
			);
			name = "Supporting Files";
			sourceTree = "<group>";
		};
/* End PBXGroup section */

/* Begin PBXNativeTarget section */
		3A2A0781188F03EB00ACBE9E /* GetOnThatBus */ = {
			isa = PBXNativeTarget;
			buildConfigurationList = 3A2A07B4188F03EB00ACBE9E /* Build configuration list for PBXNativeTarget "GetOnThatBus" */;
			buildPhases = (
				3A2A077E188F03EB00ACBE9E /* Sources */,
				3A2A077F188F03EB00ACBE9E /* Frameworks */,
				3A2A0780188F03EB00ACBE9E /* Resources */,
			);
			buildRules = (
			);
			dependencies = (
			);
			name = GetOnThatBus;
			productName = GetOnThatBus;
			productReference = 3A2A0782188F03EB00ACBE9E /* GetOnThatBus.app */;
			productType = "com.apple.product-type.application";
		};
		3A2A07A2188F03EB00ACBE9E /* GetOnThatBusTests */ = {
			isa = PBXNativeTarget;
			buildConfigurationList = 3A2A07B7188F03EB00ACBE9E /* Build configuration list for PBXNativeTarget "GetOnThatBusTests" */;
			buildPhases = (
				3A2A079F188F03EB00ACBE9E /* Sources */,
				3A2A07A0188F03EB00ACBE9E /* Frameworks */,
				3A2A07A1188F03EB00ACBE9E /* Resources */,
			);
			buildRules = (
			);
			dependencies = (
				3A2A07A9188F03EB00ACBE9E /* PBXTargetDependency */,
			);
			name = GetOnThatBusTests;
			productName = GetOnThatBusTests;
			productReference = 3A2A07A3188F03EB00ACBE9E /* GetOnThatBusTests.xctest */;
			productType = "com.apple.product-type.bundle.unit-test";
		};
/* End PBXNativeTarget section */

/* Begin PBXProject section */
		3A2A077A188F03EB00ACBE9E /* Project object */ = {
			isa = PBXProject;
			attributes = {
				LastUpgradeCheck = 0500;
				ORGANIZATIONNAME = "Matthew Graham";
				TargetAttributes = {
					3A2A07A2188F03EB00ACBE9E = {
						TestTargetID = 3A2A0781188F03EB00ACBE9E;
					};
				};
			};
			buildConfigurationList = 3A2A077D188F03EB00ACBE9E /* Build configuration list for PBXProject "GetOnThatBus" */;
			compatibilityVersion = "Xcode 3.2";
			developmentRegion = English;
			hasScannedForEncodings = 0;
			knownRegions = (
				en,
				Base,
			);
			mainGroup = 3A2A0779188F03EB00ACBE9E;
			productRefGroup = 3A2A0783188F03EB00ACBE9E /* Products */;
			projectDirPath = "";
			projectRoot = "";
			targets = (
				3A2A0781188F03EB00ACBE9E /* GetOnThatBus */,
				3A2A07A2188F03EB00ACBE9E /* GetOnThatBusTests */,
			);
		};
/* End PBXProject section */

/* Begin PBXResourcesBuildPhase section */
		3A2A0780188F03EB00ACBE9E /* Resources */ = {
			isa = PBXResourcesBuildPhase;
			buildActionMask = 2147483647;
			files = (
				3A2A079E188F03EB00ACBE9E /* Images.xcassets in Resources */,
				3A2A0790188F03EB00ACBE9E /* InfoPlist.strings in Resources */,
				3A2A0799188F03EB00ACBE9E /* Main.storyboard in Resources */,
			);
			runOnlyForDeploymentPostprocessing = 0;
		};
		3A2A07A1188F03EB00ACBE9E /* Resources */ = {
			isa = PBXResourcesBuildPhase;
			buildActionMask = 2147483647;
			files = (
				3A2A07AF188F03EB00ACBE9E /* InfoPlist.strings in Resources */,
			);
			runOnlyForDeploymentPostprocessing = 0;
		};
/* End PBXResourcesBuildPhase section */

/* Begin PBXSourcesBuildPhase section */
		3A2A077E188F03EB00ACBE9E /* Sources */ = {
			isa = PBXSourcesBuildPhase;
			buildActionMask = 2147483647;
			files = (
				3A2A079C188F03EB00ACBE9E /* ViewController.m in Sources */,
				3A2A0796188F03EB00ACBE9E /* AppDelegate.m in Sources */,
				3A2A0792188F03EB00ACBE9E /* main.m in Sources */,
			);
			runOnlyForDeploymentPostprocessing = 0;
		};
		3A2A079F188F03EB00ACBE9E /* Sources */ = {
			isa = PBXSourcesBuildPhase;
			buildActionMask = 2147483647;
			files = (
				3A2A07B1188F03EB00ACBE9E /* GetOnThatBusTests.m in Sources */,
			);
			runOnlyForDeploymentPostprocessing = 0;
		};
/* End PBXSourcesBuildPhase section */

/* Begin PBXTargetDependency section */
		3A2A07A9188F03EB00ACBE9E /* PBXTargetDependency */ = {
			isa = PBXTargetDependency;
			target = 3A2A0781188F03EB00ACBE9E /* GetOnThatBus */;
			targetProxy = 3A2A07A8188F03EB00ACBE9E /* PBXContainerItemProxy */;
		};
/* End PBXTargetDependency section */

/* Begin PBXVariantGroup section */
		3A2A078E188F03EB00ACBE9E /* InfoPlist.strings */ = {
			isa = PBXVariantGroup;
			children = (
				3A2A078F188F03EB00ACBE9E /* en */,
			);
			name = InfoPlist.strings;
			sourceTree = "<group>";
		};
		3A2A0797188F03EB00ACBE9E /* Main.storyboard */ = {
			isa = PBXVariantGroup;
			children = (
				3A2A0798188F03EB00ACBE9E /* Base */,
			);
			name = Main.storyboard;
			sourceTree = "<group>";
		};
		3A2A07AD188F03EB00ACBE9E /* InfoPlist.strings */ = {
			isa = PBXVariantGroup;
			children = (
				3A2A07AE188F03EB00ACBE9E /* en */,
			);
			name = InfoPlist.strings;
			sourceTree = "<group>";
		};
/* End PBXVariantGroup section */

/* Begin XCBuildConfiguration section */
		3A2A07B2188F03EB00ACBE9E /* Debug */ = {
			isa = XCBuildConfiguration;
			buildSettings = {
				ALWAYS_SEARCH_USER_PATHS = NO;
				ARCHS = "$(ARCHS_STANDARD_INCLUDING_64_BIT)";
				CLANG_CXX_LANGUAGE_STANDARD = "gnu++0x";
				CLANG_CXX_LIBRARY = "libc++";
				CLANG_ENABLE_MODULES = YES;
				CLANG_ENABLE_OBJC_ARC = YES;
				CLANG_WARN_BOOL_CONVERSION = YES;
				CLANG_WARN_CONSTANT_CONVERSION = YES;
				CLANG_WARN_DIRECT_OBJC_ISA_USAGE = YES_ERROR;
				CLANG_WARN_EMPTY_BODY = YES;
				CLANG_WARN_ENUM_CONVERSION = YES;
				CLANG_WARN_INT_CONVERSION = YES;
				CLANG_WARN_OBJC_ROOT_CLASS = YES_ERROR;
				CLANG_WARN__DUPLICATE_METHOD_MATCH = YES;
				"CODE_SIGN_IDENTITY[sdk=iphoneos*]" = "iPhone Developer";
				COPY_PHASE_STRIP = NO;
				GCC_C_LANGUAGE_STANDARD = gnu99;
				GCC_DYNAMIC_NO_PIC = NO;
				GCC_OPTIMIZATION_LEVEL = 0;
				GCC_PREPROCESSOR_DEFINITIONS = (
					"DEBUG=1",
					"$(inherited)",
				);
				GCC_SYMBOLS_PRIVATE_EXTERN = NO;
				GCC_WARN_64_TO_32_BIT_CONVERSION = YES;
				GCC_WARN_ABOUT_RETURN_TYPE = YES_ERROR;
				GCC_WARN_UNDECLARED_SELECTOR = YES;
				GCC_WARN_UNINITIALIZED_AUTOS = YES;
				GCC_WARN_UNUSED_FUNCTION = YES;
				GCC_WARN_UNUSED_VARIABLE = YES;
				IPHONEOS_DEPLOYMENT_TARGET = 7.0;
				ONLY_ACTIVE_ARCH = YES;
				SDKROOT = iphoneos;
			};
			name = Debug;
		};
		3A2A07B3188F03EB00ACBE9E /* Release */ = {
			isa = XCBuildConfiguration;
			buildSettings = {
				ALWAYS_SEARCH_USER_PATHS = NO;
				ARCHS = "$(ARCHS_STANDARD_INCLUDING_64_BIT)";
				CLANG_CXX_LANGUAGE_STANDARD = "gnu++0x";
				CLANG_CXX_LIBRARY = "libc++";
				CLANG_ENABLE_MODULES = YES;
				CLANG_ENABLE_OBJC_ARC = YES;
				CLANG_WARN_BOOL_CONVERSION = YES;
				CLANG_WARN_CONSTANT_CONVERSION = YES;
				CLANG_WARN_DIRECT_OBJC_ISA_USAGE = YES_ERROR;
				CLANG_WARN_EMPTY_BODY = YES;
				CLANG_WARN_ENUM_CONVERSION = YES;
				CLANG_WARN_INT_CONVERSION = YES;
				CLANG_WARN_OBJC_ROOT_CLASS = YES_ERROR;
				CLANG_WARN__DUPLICATE_METHOD_MATCH = YES;
				"CODE_SIGN_IDENTITY[sdk=iphoneos*]" = "iPhone Developer";
				COPY_PHASE_STRIP = YES;
				ENABLE_NS_ASSERTIONS = NO;
				GCC_C_LANGUAGE_STANDARD = gnu99;
				GCC_WARN_64_TO_32_BIT_CONVERSION = YES;
				GCC_WARN_ABOUT_RETURN_TYPE = YES_ERROR;
				GCC_WARN_UNDECLARED_SELECTOR = YES;
				GCC_WARN_UNINITIALIZED_AUTOS = YES;
				GCC_WARN_UNUSED_FUNCTION = YES;
				GCC_WARN_UNUSED_VARIABLE = YES;
				IPHONEOS_DEPLOYMENT_TARGET = 7.0;
				SDKROOT = iphoneos;
				VALIDATE_PRODUCT = YES;
			};
			name = Release;
		};
		3A2A07B5188F03EB00ACBE9E /* Debug */ = {
			isa = XCBuildConfiguration;
			buildSettings = {
				ASSETCATALOG_COMPILER_APPICON_NAME = AppIcon;
				ASSETCATALOG_COMPILER_LAUNCHIMAGE_NAME = LaunchImage;
				GCC_PRECOMPILE_PREFIX_HEADER = YES;
				GCC_PREFIX_HEADER = "GetOnThatBus/GetOnThatBus-Prefix.pch";
				INFOPLIST_FILE = "GetOnThatBus/GetOnThatBus-Info.plist";
				PRODUCT_NAME = "$(TARGET_NAME)";
				WRAPPER_EXTENSION = app;
			};
			name = Debug;
		};
		3A2A07B6188F03EB00ACBE9E /* Release */ = {
			isa = XCBuildConfiguration;
			buildSettings = {
				ASSETCATALOG_COMPILER_APPICON_NAME = AppIcon;
				ASSETCATALOG_COMPILER_LAUNCHIMAGE_NAME = LaunchImage;
				GCC_PRECOMPILE_PREFIX_HEADER = YES;
				GCC_PREFIX_HEADER = "GetOnThatBus/GetOnThatBus-Prefix.pch";
				INFOPLIST_FILE = "GetOnThatBus/GetOnThatBus-Info.plist";
				PRODUCT_NAME = "$(TARGET_NAME)";
				WRAPPER_EXTENSION = app;
			};
			name = Release;
		};
		3A2A07B8188F03EB00ACBE9E /* Debug */ = {
			isa = XCBuildConfiguration;
			buildSettings = {
				ARCHS = "$(ARCHS_STANDARD_INCLUDING_64_BIT)";
				BUNDLE_LOADER = "$(BUILT_PRODUCTS_DIR)/GetOnThatBus.app/GetOnThatBus";
				FRAMEWORK_SEARCH_PATHS = (
					"$(SDKROOT)/Developer/Library/Frameworks",
					"$(inherited)",
					"$(DEVELOPER_FRAMEWORKS_DIR)",
				);
				GCC_PRECOMPILE_PREFIX_HEADER = YES;
				GCC_PREFIX_HEADER = "GetOnThatBus/GetOnThatBus-Prefix.pch";
				GCC_PREPROCESSOR_DEFINITIONS = (
					"DEBUG=1",
					"$(inherited)",
				);
				INFOPLIST_FILE = "GetOnThatBusTests/GetOnThatBusTests-Info.plist";
				PRODUCT_NAME = "$(TARGET_NAME)";
				TEST_HOST = "$(BUNDLE_LOADER)";
				WRAPPER_EXTENSION = xctest;
			};
			name = Debug;
		};
		3A2A07B9188F03EB00ACBE9E /* Release */ = {
			isa = XCBuildConfiguration;
			buildSettings = {
				ARCHS = "$(ARCHS_STANDARD_INCLUDING_64_BIT)";
				BUNDLE_LOADER = "$(BUILT_PRODUCTS_DIR)/GetOnThatBus.app/GetOnThatBus";
				FRAMEWORK_SEARCH_PATHS = (
					"$(SDKROOT)/Developer/Library/Frameworks",
					"$(inherited)",
					"$(DEVELOPER_FRAMEWORKS_DIR)",
				);
				GCC_PRECOMPILE_PREFIX_HEADER = YES;
				GCC_PREFIX_HEADER = "GetOnThatBus/GetOnThatBus-Prefix.pch";
				INFOPLIST_FILE = "GetOnThatBusTests/GetOnThatBusTests-Info.plist";
				PRODUCT_NAME = "$(TARGET_NAME)";
				TEST_HOST = "$(BUNDLE_LOADER)";
				WRAPPER_EXTENSION = xctest;
			};
			name = Release;
		};
/* End XCBuildConfiguration section */

/* Begin XCConfigurationList section */
		3A2A077D188F03EB00ACBE9E /* Build configuration list for PBXProject "GetOnThatBus" */ = {
			isa = XCConfigurationList;
			buildConfigurations = (
				3A2A07B2188F03EB00ACBE9E /* Debug */,
				3A2A07B3188F03EB00ACBE9E /* Release */,
			);
			defaultConfigurationIsVisible = 0;
			defaultConfigurationName = Release;
		};
		3A2A07B4188F03EB00ACBE9E /* Build configuration list for PBXNativeTarget "GetOnThatBus" */ = {
			isa = XCConfigurationList;
			buildConfigurations = (
				3A2A07B5188F03EB00ACBE9E /* Debug */,
				3A2A07B6188F03EB00ACBE9E /* Release */,
			);
			defaultConfigurationIsVisible = 0;
		};
		3A2A07B7188F03EB00ACBE9E /* Build configuration list for PBXNativeTarget "GetOnThatBusTests" */ = {
			isa = XCConfigurationList;
			buildConfigurations = (
				3A2A07B8188F03EB00ACBE9E /* Debug */,
				3A2A07B9188F03EB00ACBE9E /* Release */,
			);
			defaultConfigurationIsVisible = 0;
		};
/* End XCConfigurationList section */
	};
	rootObject = 3A2A077A188F03EB00ACBE9E /* Project object */;
}
